
Microsoft Visual Studio Solution File, Format Version 12.00
# Visual Studio Version 17
VisualStudioVersion = 17.8.34330.188
MinimumVisualStudioVersion = 10.0.40219.1
Project("{FAE04EC0-301F-11D3-BF4B-00C04F79EFBC}") = "Server", "Server\Server.csproj", "{D909DA61-1D83-4401-8DA3-FB55F5BA559C}"
EndProject
Global
	GlobalSection(SolutionConfigurationPlatforms) = preSolution
		Debug|Any CPU = Debug|Any CPU
		Release|Any CPU = Release|Any CPU
	EndGlobalSection
	GlobalSection(ProjectConfigurationPlatforms) = postSolution
		{D909DA61-1D83-4401-8DA3-FB55F5BA559C}.Debug|Any CPU.ActiveCfg = Debug|Any CPU
		{D909DA61-1D83-4401-8DA3-FB55F5BA559C}.Debug|Any CPU.Build.0 = Debug|Any CPU
		{D909DA61-1D83-4401-8DA3-FB55F5BA559C}.Release|Any CPU.ActiveCfg = Release|Any CPU
		{D909DA61-1D83-4401-8DA3-FB55F5BA559C}.Release|Any CPU.Build.0 = Release|Any CPU
	EndGlobalSection
	GlobalSection(SolutionProperties) = preSolution
		HideSolutionNode = FALSE
	EndGlobalSection
	GlobalSection(ExtensibilityGlobals) = postSolution
		SolutionGuid = {862C2D74-B9F6-46AC-81A9-2B0A31229774}
	EndGlobalSection
EndGlobal
